
Microsoft Visual Studio Solution File, Format Version 12.00
# Visual Studio Version 16
VisualStudioVersion = 16.0.30717.126
MinimumVisualStudioVersion = 10.0.40219.1
Project("{FAE04EC0-301F-11D3-BF4B-00C04F79EFBC}") = "acfun-momentbot", "acfun-momentbot\acfun-momentbot.csproj", "{7255370C-4234-42E3-B096-59EE9A398FEA}"
EndProject
Global
	GlobalSection(SolutionConfigurationPlatforms) = preSolution
		Debug|Any CPU = Debug|Any CPU
		Release|Any CPU = Release|Any CPU
	EndGlobalSection
	GlobalSection(ProjectConfigurationPlatforms) = postSolution
		{7255370C-4234-42E3-B096-59EE9A398FEA}.Debug|Any CPU.ActiveCfg = Debug|Any CPU
		{7255370C-4234-42E3-B096-59EE9A398FEA}.Debug|Any CPU.Build.0 = Debug|Any CPU
		{7255370C-4234-42E3-B096-59EE9A398FEA}.Release|Any CPU.ActiveCfg = Release|Any CPU
		{7255370C-4234-42E3-B096-59EE9A398FEA}.Release|Any CPU.Build.0 = Release|Any CPU
	EndGlobalSection
	GlobalSection(SolutionProperties) = preSolution
		HideSolutionNode = FALSE
	EndGlobalSection
	GlobalSection(ExtensibilityGlobals) = postSolution
		SolutionGuid = {6FCFE8EC-E19C-4FDB-8640-858A80AB71AD}
	EndGlobalSection
EndGlobal
